
Microsoft Visual Studio Solution File, Format Version 12.00
# Visual Studio 14
VisualStudioVersion = 14.0.25420.1
MinimumVisualStudioVersion = 10.0.40219.1
Project("{2150E333-8FDC-42A3-9474-1A3956D46DE8}") = "Engine", "Engine", "{BA01B5A1-79CC-430E-ABD2-381171BF00E7}"
EndProject
Project("{2150E333-8FDC-42A3-9474-1A3956D46DE8}") = "Games", "Games", "{6215391D-64B9-4A17-A94A-E02316C9225E}"
EndProject
Project("{8BC9CEB8-8B4A-11D0-8D11-00A0C91BC942}") = "UE4", "Intermediate\ProjectFiles\UE4.vcxproj", "{969909D4-B645-401B-B9AE-8C099BDC9C4B}"
EndProject
Project("{8BC9CEB8-8B4A-11D0-8D11-00A0C91BC942}") = "Bomberman", "Intermediate\ProjectFiles\Bomberman.vcxproj", "{2AE14B70-AEBE-4793-B886-9A66AD8D0862}"
EndProject
Global
	GlobalSection(SolutionConfigurationPlatforms) = preSolution
		DebugGame Editor|HTML5 = DebugGame Editor|HTML5
		DebugGame Editor|Win32 = DebugGame Editor|Win32
		DebugGame Editor|Win64 = DebugGame Editor|Win64
		DebugGame|HTML5 = DebugGame|HTML5
		DebugGame|Win32 = DebugGame|Win32
		DebugGame|Win64 = DebugGame|Win64
		Development Editor|HTML5 = Development Editor|HTML5
		Development Editor|Win32 = Development Editor|Win32
		Development Editor|Win64 = Development Editor|Win64
		Development|HTML5 = Development|HTML5
		Development|Win32 = Development|Win32
		Development|Win64 = Development|Win64
		Shipping|HTML5 = Shipping|HTML5
		Shipping|Win32 = Shipping|Win32
		Shipping|Win64 = Shipping|Win64
	EndGlobalSection
	GlobalSection(ProjectConfigurationPlatforms) = postSolution
		{969909D4-B645-401B-B9AE-8C099BDC9C4B}.DebugGame Editor|HTML5.ActiveCfg = BuiltWithUnrealBuildTool|Win32
		{969909D4-B645-401B-B9AE-8C099BDC9C4B}.DebugGame Editor|HTML5.Build.0 = BuiltWithUnrealBuildTool|Win32
		{969909D4-B645-401B-B9AE-8C099BDC9C4B}.DebugGame Editor|Win32.ActiveCfg = BuiltWithUnrealBuildTool|Win32
		{969909D4-B645-401B-B9AE-8C099BDC9C4B}.DebugGame Editor|Win32.Build.0 = BuiltWithUnrealBuildTool|Win32
		{969909D4-B645-401B-B9AE-8C099BDC9C4B}.DebugGame Editor|Win64.ActiveCfg = BuiltWithUnrealBuildTool|Win32
		{969909D4-B645-401B-B9AE-8C099BDC9C4B}.DebugGame Editor|Win64.Build.0 = BuiltWithUnrealBuildTool|Win32
		{969909D4-B645-401B-B9AE-8C099BDC9C4B}.DebugGame|HTML5.ActiveCfg = BuiltWithUnrealBuildTool|Win32
		{969909D4-B645-401B-B9AE-8C099BDC9C4B}.DebugGame|HTML5.Build.0 = BuiltWithUnrealBuildTool|Win32
		{969909D4-B645-401B-B9AE-8C099BDC9C4B}.DebugGame|Win32.ActiveCfg = BuiltWithUnrealBuildTool|Win32
		{969909D4-B645-401B-B9AE-8C099BDC9C4B}.DebugGame|Win32.Build.0 = BuiltWithUnrealBuildTool|Win32
		{969909D4-B645-401B-B9AE-8C099BDC9C4B}.DebugGame|Win64.ActiveCfg = BuiltWithUnrealBuildTool|Win32
		{969909D4-B645-401B-B9AE-8C099BDC9C4B}.DebugGame|Win64.Build.0 = BuiltWithUnrealBuildTool|Win32
		{969909D4-B645-401B-B9AE-8C099BDC9C4B}.Development Editor|HTML5.ActiveCfg = BuiltWithUnrealBuildTool|Win32
		{969909D4-B645-401B-B9AE-8C099BDC9C4B}.Development Editor|HTML5.Build.0 = BuiltWithUnrealBuildTool|Win32
		{969909D4-B645-401B-B9AE-8C099BDC9C4B}.Development Editor|Win32.ActiveCfg = BuiltWithUnrealBuildTool|Win32
		{969909D4-B645-401B-B9AE-8C099BDC9C4B}.Development Editor|Win32.Build.0 = BuiltWithUnrealBuildTool|Win32
		{969909D4-B645-401B-B9AE-8C099BDC9C4B}.Development Editor|Win64.ActiveCfg = BuiltWithUnrealBuildTool|Win32
		{969909D4-B645-401B-B9AE-8C099BDC9C4B}.Development Editor|Win64.Build.0 = BuiltWithUnrealBuildTool|Win32
		{969909D4-B645-401B-B9AE-8C099BDC9C4B}.Development|HTML5.ActiveCfg = BuiltWithUnrealBuildTool|Win32
		{969909D4-B645-401B-B9AE-8C099BDC9C4B}.Development|HTML5.Build.0 = BuiltWithUnrealBuildTool|Win32
		{969909D4-B645-401B-B9AE-8C099BDC9C4B}.Development|Win32.ActiveCfg = BuiltWithUnrealBuildTool|Win32
		{969909D4-B645-401B-B9AE-8C099BDC9C4B}.Development|Win32.Build.0 = BuiltWithUnrealBuildTool|Win32
		{969909D4-B645-401B-B9AE-8C099BDC9C4B}.Development|Win64.ActiveCfg = BuiltWithUnrealBuildTool|Win32
		{969909D4-B645-401B-B9AE-8C099BDC9C4B}.Development|Win64.Build.0 = BuiltWithUnrealBuildTool|Win32
		{969909D4-B645-401B-B9AE-8C099BDC9C4B}.Shipping|HTML5.ActiveCfg = BuiltWithUnrealBuildTool|Win32
		{969909D4-B645-401B-B9AE-8C099BDC9C4B}.Shipping|HTML5.Build.0 = BuiltWithUnrealBuildTool|Win32
		{969909D4-B645-401B-B9AE-8C099BDC9C4B}.Shipping|Win32.ActiveCfg = BuiltWithUnrealBuildTool|Win32
		{969909D4-B645-401B-B9AE-8C099BDC9C4B}.Shipping|Win32.Build.0 = BuiltWithUnrealBuildTool|Win32
		{969909D4-B645-401B-B9AE-8C099BDC9C4B}.Shipping|Win64.ActiveCfg = BuiltWithUnrealBuildTool|Win32
		{969909D4-B645-401B-B9AE-8C099BDC9C4B}.Shipping|Win64.Build.0 = BuiltWithUnrealBuildTool|Win32
		{2AE14B70-AEBE-4793-B886-9A66AD8D0862}.DebugGame Editor|HTML5.ActiveCfg = HTML5_DebugGame_Editor|Win32
		{2AE14B70-AEBE-4793-B886-9A66AD8D0862}.DebugGame Editor|Win32.ActiveCfg = DebugGame_Editor|Win32
		{2AE14B70-AEBE-4793-B886-9A66AD8D0862}.DebugGame Editor|Win64.ActiveCfg = DebugGame_Editor|x64
		{2AE14B70-AEBE-4793-B886-9A66AD8D0862}.DebugGame Editor|Win64.Build.0 = DebugGame_Editor|x64
		{2AE14B70-AEBE-4793-B886-9A66AD8D0862}.DebugGame|HTML5.ActiveCfg = HTML5_DebugGame_Game|Win32
		{2AE14B70-AEBE-4793-B886-9A66AD8D0862}.DebugGame|HTML5.Build.0 = HTML5_DebugGame_Game|Win32
		{2AE14B70-AEBE-4793-B886-9A66AD8D0862}.DebugGame|Win32.ActiveCfg = DebugGame_Game|Win32
		{2AE14B70-AEBE-4793-B886-9A66AD8D0862}.DebugGame|Win32.Build.0 = DebugGame_Game|Win32
		{2AE14B70-AEBE-4793-B886-9A66AD8D0862}.DebugGame|Win64.ActiveCfg = DebugGame_Game|x64
		{2AE14B70-AEBE-4793-B886-9A66AD8D0862}.DebugGame|Win64.Build.0 = DebugGame_Game|x64
		{2AE14B70-AEBE-4793-B886-9A66AD8D0862}.Development Editor|HTML5.ActiveCfg = HTML5_Development_Editor|Win32
		{2AE14B70-AEBE-4793-B886-9A66AD8D0862}.Development Editor|Win32.ActiveCfg = Development_Editor|Win32
		{2AE14B70-AEBE-4793-B886-9A66AD8D0862}.Development Editor|Win64.ActiveCfg = Development_Editor|x64
		{2AE14B70-AEBE-4793-B886-9A66AD8D0862}.Development Editor|Win64.Build.0 = Development_Editor|x64
		{2AE14B70-AEBE-4793-B886-9A66AD8D0862}.Development|HTML5.ActiveCfg = HTML5_Development_Game|Win32
		{2AE14B70-AEBE-4793-B886-9A66AD8D0862}.Development|HTML5.Build.0 = HTML5_Development_Game|Win32
		{2AE14B70-AEBE-4793-B886-9A66AD8D0862}.Development|Win32.ActiveCfg = Development_Game|Win32
		{2AE14B70-AEBE-4793-B886-9A66AD8D0862}.Development|Win32.Build.0 = Development_Game|Win32
		{2AE14B70-AEBE-4793-B886-9A66AD8D0862}.Development|Win64.ActiveCfg = Development_Game|x64
		{2AE14B70-AEBE-4793-B886-9A66AD8D0862}.Development|Win64.Build.0 = Development_Game|x64
		{2AE14B70-AEBE-4793-B886-9A66AD8D0862}.Shipping|HTML5.ActiveCfg = HTML5_Shipping_Game|Win32
		{2AE14B70-AEBE-4793-B886-9A66AD8D0862}.Shipping|HTML5.Build.0 = HTML5_Shipping_Game|Win32
		{2AE14B70-AEBE-4793-B886-9A66AD8D0862}.Shipping|Win32.ActiveCfg = Shipping_Game|Win32
		{2AE14B70-AEBE-4793-B886-9A66AD8D0862}.Shipping|Win32.Build.0 = Shipping_Game|Win32
		{2AE14B70-AEBE-4793-B886-9A66AD8D0862}.Shipping|Win64.ActiveCfg = Shipping_Game|x64
		{2AE14B70-AEBE-4793-B886-9A66AD8D0862}.Shipping|Win64.Build.0 = Shipping_Game|x64
	EndGlobalSection
	GlobalSection(SolutionProperties) = preSolution
		HideSolutionNode = FALSE
	EndGlobalSection
	GlobalSection(NestedProjects) = preSolution
		{969909D4-B645-401B-B9AE-8C099BDC9C4B} = {BA01B5A1-79CC-430E-ABD2-381171BF00E7}
		{2AE14B70-AEBE-4793-B886-9A66AD8D0862} = {6215391D-64B9-4A17-A94A-E02316C9225E}
	EndGlobalSection
EndGlobal
